
Microsoft Visual Studio Solution File, Format Version 12.00
# Visual Studio 14
VisualStudioVersion = 14.0.25420.1
MinimumVisualStudioVersion = 10.0.40219.1
Project("{2150E333-8FDC-42A3-9474-1A3956D46DE8}") = "src", "src", "{84FE57DD-EC15-496D-BB8C-2F19859FEA6B}"
EndProject
Project("{2150E333-8FDC-42A3-9474-1A3956D46DE8}") = "Solution Items", "Solution Items", "{47AD1628-2BE7-48B5-B703-494BBB2AED4F}"
	ProjectSection(SolutionItems) = preProject
		global.json = global.json
	EndProjectSection
EndProject
Project("{8BB2217D-0F2D-49D1-97BC-3654ED321F3B}") = "Awesome", "src\Awesome\Awesome.xproj", "{33B3E57A-FA8E-4C4C-8B58-3C747EB414CC}"
EndProject
Global
	GlobalSection(SolutionConfigurationPlatforms) = preSolution
		Debug|Any CPU = Debug|Any CPU
		Release|Any CPU = Release|Any CPU
	EndGlobalSection
	GlobalSection(ProjectConfigurationPlatforms) = postSolution
		{33B3E57A-FA8E-4C4C-8B58-3C747EB414CC}.Debug|Any CPU.ActiveCfg = Debug|Any CPU
		{33B3E57A-FA8E-4C4C-8B58-3C747EB414CC}.Debug|Any CPU.Build.0 = Debug|Any CPU
		{33B3E57A-FA8E-4C4C-8B58-3C747EB414CC}.Release|Any CPU.ActiveCfg = Release|Any CPU
		{33B3E57A-FA8E-4C4C-8B58-3C747EB414CC}.Release|Any CPU.Build.0 = Release|Any CPU
	EndGlobalSection
	GlobalSection(SolutionProperties) = preSolution
		HideSolutionNode = FALSE
	EndGlobalSection
	GlobalSection(NestedProjects) = preSolution
		{33B3E57A-FA8E-4C4C-8B58-3C747EB414CC} = {84FE57DD-EC15-496D-BB8C-2F19859FEA6B}
	EndGlobalSection
EndGlobal
